
Microsoft Visual Studio Solution File, Format Version 12.00
# Visual Studio Version 16
VisualStudioVersion = 16.0.31727.386
MinimumVisualStudioVersion = 10.0.40219.1
Project("{FAE04EC0-301F-11D3-BF4B-00C04F79EFBC}") = "D01_HTML", "D01_HTML\D01_HTML.csproj", "{D99E76EF-8BE1-45C2-BAE5-404C92B60E7E}"
EndProject
Project("{FAE04EC0-301F-11D3-BF4B-00C04F79EFBC}") = "D02_CSS", "D02_CSS\D02_CSS.csproj", "{9BD433EA-1A3D-4DE1-B25D-C99EFD3E6DF3}"
EndProject
Project("{FAE04EC0-301F-11D3-BF4B-00C04F79EFBC}") = "D03_JavaScript", "D03_JavaScript\D03_JavaScript.csproj", "{98D33DB9-1A88-4982-A3E2-7DAE1D0CE3AC}"
EndProject
Project("{FAE04EC0-301F-11D3-BF4B-00C04F79EFBC}") = "D04_Bootstrap", "D04_Bootstrap\D04_Bootstrap.csproj", "{A30DE273-8CFA-4E83-9D0D-7B7AE8490B20}"
EndProject
Project("{FAE04EC0-301F-11D3-BF4B-00C04F79EFBC}") = "D05_ASP.NET_WebForms", "D05_ASP.NET_WebForms\D05_ASP.NET_WebForms.csproj", "{A1E77FE2-FF8A-4760-8603-4261C15ADC11}"
EndProject
Project("{FAE04EC0-301F-11D3-BF4B-00C04F79EFBC}") = "D06_ASP.NET.MVC", "D06_ASP.NET.MVC\D06_ASP.NET.MVC.csproj", "{B35D1A37-A1C5-4CCB-AD49-09C05B1B0538}"
EndProject
Project("{FAE04EC0-301F-11D3-BF4B-00C04F79EFBC}") = "D07_MVC_EF6_DF", "D07_MVC_EF6_DF\D07_MVC_EF6_DF.csproj", "{6D9562FF-6B0B-4549-A91D-36380A6E096C}"
EndProject
Project("{FAE04EC0-301F-11D3-BF4B-00C04F79EFBC}") = "E02_MVC_EF6_DF", "E02_MVC_EF6_DF\E02_MVC_EF6_DF.csproj", "{E4E0DE21-4BAE-435F-9F46-A4565E5E5398}"
EndProject
Project("{FAE04EC0-301F-11D3-BF4B-00C04F79EFBC}") = "E03_MVC_EF5_CF", "E03_MVC_EF5_CF\E03_MVC_EF5_CF.csproj", "{EFF0DE1C-EEC4-4B13-B57D-DA2E38BD83D9}"
EndProject
Project("{FAE04EC0-301F-11D3-BF4B-00C04F79EFBC}") = "E04_WEbAPI_EF6", "E04_WEbAPI_EF6\E04_WEbAPI_EF6.csproj", "{E0215279-0572-45A6-B275-97D356598E42}"
EndProject
Project("{FAE04EC0-301F-11D3-BF4B-00C04F79EFBC}") = "D08_MVC_EF6_Security", "D08_MVC_EF6_Security\D08_MVC_EF6_Security.csproj", "{8B046928-C61C-4C53-A5E2-A25F2C2C9547}"
EndProject
Global
	GlobalSection(SolutionConfigurationPlatforms) = preSolution
		Debug|Any CPU = Debug|Any CPU
		Release|Any CPU = Release|Any CPU
	EndGlobalSection
	GlobalSection(ProjectConfigurationPlatforms) = postSolution
		{D99E76EF-8BE1-45C2-BAE5-404C92B60E7E}.Debug|Any CPU.ActiveCfg = Debug|Any CPU
		{D99E76EF-8BE1-45C2-BAE5-404C92B60E7E}.Debug|Any CPU.Build.0 = Debug|Any CPU
		{D99E76EF-8BE1-45C2-BAE5-404C92B60E7E}.Release|Any CPU.ActiveCfg = Release|Any CPU
		{D99E76EF-8BE1-45C2-BAE5-404C92B60E7E}.Release|Any CPU.Build.0 = Release|Any CPU
		{9BD433EA-1A3D-4DE1-B25D-C99EFD3E6DF3}.Debug|Any CPU.ActiveCfg = Debug|Any CPU
		{9BD433EA-1A3D-4DE1-B25D-C99EFD3E6DF3}.Debug|Any CPU.Build.0 = Debug|Any CPU
		{9BD433EA-1A3D-4DE1-B25D-C99EFD3E6DF3}.Release|Any CPU.ActiveCfg = Release|Any CPU
		{9BD433EA-1A3D-4DE1-B25D-C99EFD3E6DF3}.Release|Any CPU.Build.0 = Release|Any CPU
		{98D33DB9-1A88-4982-A3E2-7DAE1D0CE3AC}.Debug|Any CPU.ActiveCfg = Debug|Any CPU
		{98D33DB9-1A88-4982-A3E2-7DAE1D0CE3AC}.Debug|Any CPU.Build.0 = Debug|Any CPU
		{98D33DB9-1A88-4982-A3E2-7DAE1D0CE3AC}.Release|Any CPU.ActiveCfg = Release|Any CPU
		{98D33DB9-1A88-4982-A3E2-7DAE1D0CE3AC}.Release|Any CPU.Build.0 = Release|Any CPU
		{A30DE273-8CFA-4E83-9D0D-7B7AE8490B20}.Debug|Any CPU.ActiveCfg = Debug|Any CPU
		{A30DE273-8CFA-4E83-9D0D-7B7AE8490B20}.Debug|Any CPU.Build.0 = Debug|Any CPU
		{A30DE273-8CFA-4E83-9D0D-7B7AE8490B20}.Release|Any CPU.ActiveCfg = Release|Any CPU
		{A30DE273-8CFA-4E83-9D0D-7B7AE8490B20}.Release|Any CPU.Build.0 = Release|Any CPU
		{A1E77FE2-FF8A-4760-8603-4261C15ADC11}.Debug|Any CPU.ActiveCfg = Debug|Any CPU
		{A1E77FE2-FF8A-4760-8603-4261C15ADC11}.Debug|Any CPU.Build.0 = Debug|Any CPU
		{A1E77FE2-FF8A-4760-8603-4261C15ADC11}.Release|Any CPU.ActiveCfg = Release|Any CPU
		{A1E77FE2-FF8A-4760-8603-4261C15ADC11}.Release|Any CPU.Build.0 = Release|Any CPU
		{B35D1A37-A1C5-4CCB-AD49-09C05B1B0538}.Debug|Any CPU.ActiveCfg = Debug|Any CPU
		{B35D1A37-A1C5-4CCB-AD49-09C05B1B0538}.Debug|Any CPU.Build.0 = Debug|Any CPU
		{B35D1A37-A1C5-4CCB-AD49-09C05B1B0538}.Release|Any CPU.ActiveCfg = Release|Any CPU
		{B35D1A37-A1C5-4CCB-AD49-09C05B1B0538}.Release|Any CPU.Build.0 = Release|Any CPU
		{6D9562FF-6B0B-4549-A91D-36380A6E096C}.Debug|Any CPU.ActiveCfg = Debug|Any CPU
		{6D9562FF-6B0B-4549-A91D-36380A6E096C}.Debug|Any CPU.Build.0 = Debug|Any CPU
		{6D9562FF-6B0B-4549-A91D-36380A6E096C}.Release|Any CPU.ActiveCfg = Release|Any CPU
		{6D9562FF-6B0B-4549-A91D-36380A6E096C}.Release|Any CPU.Build.0 = Release|Any CPU
		{E4E0DE21-4BAE-435F-9F46-A4565E5E5398}.Debug|Any CPU.ActiveCfg = Debug|Any CPU
		{E4E0DE21-4BAE-435F-9F46-A4565E5E5398}.Debug|Any CPU.Build.0 = Debug|Any CPU
		{E4E0DE21-4BAE-435F-9F46-A4565E5E5398}.Release|Any CPU.ActiveCfg = Release|Any CPU
		{E4E0DE21-4BAE-435F-9F46-A4565E5E5398}.Release|Any CPU.Build.0 = Release|Any CPU
		{EFF0DE1C-EEC4-4B13-B57D-DA2E38BD83D9}.Debug|Any CPU.ActiveCfg = Debug|Any CPU
		{EFF0DE1C-EEC4-4B13-B57D-DA2E38BD83D9}.Debug|Any CPU.Build.0 = Debug|Any CPU
		{EFF0DE1C-EEC4-4B13-B57D-DA2E38BD83D9}.Release|Any CPU.ActiveCfg = Release|Any CPU
		{EFF0DE1C-EEC4-4B13-B57D-DA2E38BD83D9}.Release|Any CPU.Build.0 = Release|Any CPU
		{E0215279-0572-45A6-B275-97D356598E42}.Debug|Any CPU.ActiveCfg = Debug|Any CPU
		{E0215279-0572-45A6-B275-97D356598E42}.Debug|Any CPU.Build.0 = Debug|Any CPU
		{E0215279-0572-45A6-B275-97D356598E42}.Release|Any CPU.ActiveCfg = Release|Any CPU
		{E0215279-0572-45A6-B275-97D356598E42}.Release|Any CPU.Build.0 = Release|Any CPU
		{8B046928-C61C-4C53-A5E2-A25F2C2C9547}.Debug|Any CPU.ActiveCfg = Debug|Any CPU
		{8B046928-C61C-4C53-A5E2-A25F2C2C9547}.Debug|Any CPU.Build.0 = Debug|Any CPU
		{8B046928-C61C-4C53-A5E2-A25F2C2C9547}.Release|Any CPU.ActiveCfg = Release|Any CPU
		{8B046928-C61C-4C53-A5E2-A25F2C2C9547}.Release|Any CPU.Build.0 = Release|Any CPU
	EndGlobalSection
	GlobalSection(SolutionProperties) = preSolution
		HideSolutionNode = FALSE
	EndGlobalSection
	GlobalSection(ExtensibilityGlobals) = postSolution
		SolutionGuid = {37875A03-3BF5-4DE9-9B62-FEB18CF5D1A5}
	EndGlobalSection
EndGlobal
